
Microsoft Visual Studio Solution File, Format Version 12.00
# Visual Studio 15
VisualStudioVersion = 15.0.27703.2026
MinimumVisualStudioVersion = 10.0.40219.1
Project("{FAE04EC0-301F-11D3-BF4B-00C04F79EFBC}") = "NAVSOAPConsoleApp", "NAVSOAPConsoleApp\NAVSOAPConsoleApp.csproj", "{5D601F89-566E-47FB-B928-148AF863D181}"
EndProject
Global
	GlobalSection(SolutionConfigurationPlatforms) = preSolution
		Debug|Any CPU = Debug|Any CPU
		Release|Any CPU = Release|Any CPU
	EndGlobalSection
	GlobalSection(ProjectConfigurationPlatforms) = postSolution
		{5D601F89-566E-47FB-B928-148AF863D181}.Debug|Any CPU.ActiveCfg = Debug|Any CPU
		{5D601F89-566E-47FB-B928-148AF863D181}.Debug|Any CPU.Build.0 = Debug|Any CPU
		{5D601F89-566E-47FB-B928-148AF863D181}.Release|Any CPU.ActiveCfg = Release|Any CPU
		{5D601F89-566E-47FB-B928-148AF863D181}.Release|Any CPU.Build.0 = Release|Any CPU
	EndGlobalSection
	GlobalSection(SolutionProperties) = preSolution
		HideSolutionNode = FALSE
	EndGlobalSection
	GlobalSection(ExtensibilityGlobals) = postSolution
		SolutionGuid = {B06491EB-53B6-41BC-B15D-3EFF5AC8ADAD}
	EndGlobalSection
EndGlobal
